// !$*UTF8*$!
{
	archiveVersion = 1;
	classes = {
	};
	objectVersion = 50;
	objects = {

/* Begin PBXBuildFile section */
		777F8B75215A16790069D029 /* AppDelegate.m in Sources */ = {isa = PBXBuildFile; fileRef = 777F8B74215A16790069D029 /* AppDelegate.m */; };
		777F8B78215A16790069D029 /* ViewController.m in Sources */ = {isa = PBXBuildFile; fileRef = 777F8B77215A16790069D029 /* ViewController.m */; };
		777F8B7B215A16790069D029 /* Main.storyboard in Resources */ = {isa = PBXBuildFile; fileRef = 777F8B79215A16790069D029 /* Main.storyboard */; };
		777F8B7D215A167A0069D029 /* Assets.xcassets in Resources */ = {isa = PBXBuildFile; fileRef = 777F8B7C215A167A0069D029 /* Assets.xcassets */; };
		777F8B80215A167A0069D029 /* LaunchScreen.storyboard in Resources */ = {isa = PBXBuildFile; fileRef = 777F8B7E215A167A0069D029 /* LaunchScreen.storyboard */; };
		777F8B83215A167A0069D029 /* main.m in Sources */ = {isa = PBXBuildFile; fileRef = 777F8B82215A167A0069D029 /* main.m */; };
		777F8B8E215A1CF90069D029 /* LYSQLTool.m in Sources */ = {isa = PBXBuildFile; fileRef = 777F8B8D215A1CF90069D029 /* LYSQLTool.m */; };
		777F8B91215A2A920069D029 /* TestModel.m in Sources */ = {isa = PBXBuildFile; fileRef = 777F8B90215A2A920069D029 /* TestModel.m */; };
		777F8B94215A31C30069D029 /* TestModel2.m in Sources */ = {isa = PBXBuildFile; fileRef = 777F8B93215A31C30069D029 /* TestModel2.m */; };
/* End PBXBuildFile section */

/* Begin PBXFileReference section */
		777F8B70215A16790069D029 /* SQL.app */ = {isa = PBXFileReference; explicitFileType = wrapper.application; includeInIndex = 0; path = SQL.app; sourceTree = BUILT_PRODUCTS_DIR; };
		777F8B73215A16790069D029 /* AppDelegate.h */ = {isa = PBXFileReference; lastKnownFileType = sourcecode.c.h; path = AppDelegate.h; sourceTree = "<group>"; };
		777F8B74215A16790069D029 /* AppDelegate.m */ = {isa = PBXFileReference; lastKnownFileType = sourcecode.c.objc; path = AppDelegate.m; sourceTree = "<group>"; };
		777F8B76215A16790069D029 /* ViewController.h */ = {isa = PBXFileReference; lastKnownFileType = sourcecode.c.h; path = ViewController.h; sourceTree = "<group>"; };
		777F8B77215A16790069D029 /* ViewController.m */ = {isa = PBXFileReference; lastKnownFileType = sourcecode.c.objc; path = ViewController.m; sourceTree = "<group>"; };
		777F8B7A215A16790069D029 /* Base */ = {isa = PBXFileReference; lastKnownFileType = file.storyboard; name = Base; path = Base.lproj/Main.storyboard; sourceTree = "<group>"; };
		777F8B7C215A167A0069D029 /* Assets.xcassets */ = {isa = PBXFileReference; lastKnownFileType = folder.assetcatalog; path = Assets.xcassets; sourceTree = "<group>"; };
		777F8B7F215A167A0069D029 /* Base */ = {isa = PBXFileReference; lastKnownFileType = file.storyboard; name = Base; path = Base.lproj/LaunchScreen.storyboard; sourceTree = "<group>"; };
		777F8B81215A167A0069D029 /* Info.plist */ = {isa = PBXFileReference; lastKnownFileType = text.plist.xml; path = Info.plist; sourceTree = "<group>"; };
		777F8B82215A167A0069D029 /* main.m */ = {isa = PBXFileReference; lastKnownFileType = sourcecode.c.objc; path = main.m; sourceTree = "<group>"; };
		777F8B8C215A1CF90069D029 /* LYSQLTool.h */ = {isa = PBXFileReference; lastKnownFileType = sourcecode.c.h; path = LYSQLTool.h; sourceTree = "<group>"; };
		777F8B8D215A1CF90069D029 /* LYSQLTool.m */ = {isa = PBXFileReference; lastKnownFileType = sourcecode.c.objc; path = LYSQLTool.m; sourceTree = "<group>"; };
		777F8B8F215A2A920069D029 /* TestModel.h */ = {isa = PBXFileReference; lastKnownFileType = sourcecode.c.h; path = TestModel.h; sourceTree = "<group>"; };
		777F8B90215A2A920069D029 /* TestModel.m */ = {isa = PBXFileReference; lastKnownFileType = sourcecode.c.objc; path = TestModel.m; sourceTree = "<group>"; };
		777F8B92215A31C30069D029 /* TestModel2.h */ = {isa = PBXFileReference; lastKnownFileType = sourcecode.c.h; path = TestModel2.h; sourceTree = "<group>"; };
		777F8B93215A31C30069D029 /* TestModel2.m */ = {isa = PBXFileReference; lastKnownFileType = sourcecode.c.objc; path = TestModel2.m; sourceTree = "<group>"; };
/* End PBXFileReference section */

/* Begin PBXFrameworksBuildPhase section */
		777F8B6D215A16790069D029 /* Frameworks */ = {
			isa = PBXFrameworksBuildPhase;
			buildActionMask = 2147483647;
			files = (
			);
			runOnlyForDeploymentPostprocessing = 0;
		};
/* End PBXFrameworksBuildPhase section */

/* Begin PBXGroup section */
		7768565F2195778A000AA2E0 /* Class */ = {
			isa = PBXGroup;
			children = (
				777F8B8C215A1CF90069D029 /* LYSQLTool.h */,
				777F8B8D215A1CF90069D029 /* LYSQLTool.m */,
			);
			path = Class;
			sourceTree = "<group>";
		};
		777F8B67215A16790069D029 = {
			isa = PBXGroup;
			children = (
				777F8B72215A16790069D029 /* SQL */,
				777F8B71215A16790069D029 /* Products */,
			);
			sourceTree = "<group>";
		};
		777F8B71215A16790069D029 /* Products */ = {
			isa = PBXGroup;
			children = (
				777F8B70215A16790069D029 /* SQL.app */,
			);
			name = Products;
			sourceTree = "<group>";
		};
		777F8B72215A16790069D029 /* SQL */ = {
			isa = PBXGroup;
			children = (
				7768565F2195778A000AA2E0 /* Class */,
				777F8B73215A16790069D029 /* AppDelegate.h */,
				777F8B74215A16790069D029 /* AppDelegate.m */,
				777F8B76215A16790069D029 /* ViewController.h */,
				777F8B77215A16790069D029 /* ViewController.m */,
				777F8B79215A16790069D029 /* Main.storyboard */,
				777F8B7C215A167A0069D029 /* Assets.xcassets */,
				777F8B7E215A167A0069D029 /* LaunchScreen.storyboard */,
				777F8B81215A167A0069D029 /* Info.plist */,
				777F8B82215A167A0069D029 /* main.m */,
				777F8B8F215A2A920069D029 /* TestModel.h */,
				777F8B90215A2A920069D029 /* TestModel.m */,
				777F8B92215A31C30069D029 /* TestModel2.h */,
				777F8B93215A31C30069D029 /* TestModel2.m */,
			);
			path = SQL;
			sourceTree = "<group>";
		};
/* End PBXGroup section */

/* Begin PBXNativeTarget section */
		777F8B6F215A16790069D029 /* SQL */ = {
			isa = PBXNativeTarget;
			buildConfigurationList = 777F8B86215A167A0069D029 /* Build configuration list for PBXNativeTarget "SQL" */;
			buildPhases = (
				777F8B6C215A16790069D029 /* Sources */,
				777F8B6D215A16790069D029 /* Frameworks */,
				777F8B6E215A16790069D029 /* Resources */,
			);
			buildRules = (
			);
			dependencies = (
			);
			name = SQL;
			productName = SQL;
			productReference = 777F8B70215A16790069D029 /* SQL.app */;
			productType = "com.apple.product-type.application";
		};
/* End PBXNativeTarget section */

/* Begin PBXProject section */
		777F8B68215A16790069D029 /* Project object */ = {
			isa = PBXProject;
			attributes = {
				LastUpgradeCheck = 1000;
				ORGANIZATIONNAME = KOOCAN;
				TargetAttributes = {
					777F8B6F215A16790069D029 = {
						CreatedOnToolsVersion = 10.0;
					};
				};
			};
			buildConfigurationList = 777F8B6B215A16790069D029 /* Build configuration list for PBXProject "SQL" */;
			compatibilityVersion = "Xcode 9.3";
			developmentRegion = en;
			hasScannedForEncodings = 0;
			knownRegions = (
				en,
				Base,
			);
			mainGroup = 777F8B67215A16790069D029;
			productRefGroup = 777F8B71215A16790069D029 /* Products */;
			projectDirPath = "";
			projectRoot = "";
			targets = (
				777F8B6F215A16790069D029 /* SQL */,
			);
		};
/* End PBXProject section */

/* Begin PBXResourcesBuildPhase section */
		777F8B6E215A16790069D029 /* Resources */ = {
			isa = PBXResourcesBuildPhase;
			buildActionMask = 2147483647;
			files = (
				777F8B80215A167A0069D029 /* LaunchScreen.storyboard in Resources */,
				777F8B7D215A167A0069D029 /* Assets.xcassets in Resources */,
				777F8B7B215A16790069D029 /* Main.storyboard in Resources */,
			);
			runOnlyForDeploymentPostprocessing = 0;
		};
/* End PBXResourcesBuildPhase section */

/* Begin PBXSourcesBuildPhase section */
		777F8B6C215A16790069D029 /* Sources */ = {
			isa = PBXSourcesBuildPhase;
			buildActionMask = 2147483647;
			files = (
				777F8B78215A16790069D029 /* ViewController.m in Sources */,
				777F8B8E215A1CF90069D029 /* LYSQLTool.m in Sources */,
				777F8B83215A167A0069D029 /* main.m in Sources */,
				777F8B91215A2A920069D029 /* TestModel.m in Sources */,
				777F8B94215A31C30069D029 /* TestModel2.m in Sources */,
				777F8B75215A16790069D029 /* AppDelegate.m in Sources */,
			);
			runOnlyForDeploymentPostprocessing = 0;
		};
/* End PBXSourcesBuildPhase section */

/* Begin PBXVariantGroup section */
		777F8B79215A16790069D029 /* Main.storyboard */ = {
			isa = PBXVariantGroup;
			children = (
				777F8B7A215A16790069D029 /* Base */,
			);
			name = Main.storyboard;
			sourceTree = "<group>";
		};
		777F8B7E215A167A0069D029 /* LaunchScreen.storyboard */ = {
			isa = PBXVariantGroup;
			children = (
				777F8B7F215A167A0069D029 /* Base */,
			);
			name = LaunchScreen.storyboard;
			sourceTree = "<group>";
		};
/* End PBXVariantGroup section */

/* Begin XCBuildConfiguration section */
		777F8B84215A167A0069D029 /* Debug */ = {
			isa = XCBuildConfiguration;
			buildSettings = {
				ALWAYS_SEARCH_USER_PATHS = NO;
				CLANG_ANALYZER_NONNULL = YES;
				CLANG_ANALYZER_NUMBER_OBJECT_CONVERSION = YES_AGGRESSIVE;
				CLANG_CXX_LANGUAGE_STANDARD = "gnu++14";
				CLANG_CXX_LIBRARY = "libc++";
				CLANG_ENABLE_MODULES = YES;
				CLANG_ENABLE_OBJC_ARC = YES;
				CLANG_ENABLE_OBJC_WEAK = YES;
				CLANG_WARN_BLOCK_CAPTURE_AUTORELEASING = YES;
				CLANG_WARN_BOOL_CONVERSION = YES;
				CLANG_WARN_COMMA = YES;
				CLANG_WARN_CONSTANT_CONVERSION = YES;
				CLANG_WARN_DEPRECATED_OBJC_IMPLEMENTATIONS = YES;
				CLANG_WARN_DIRECT_OBJC_ISA_USAGE = YES_ERROR;
				CLANG_WARN_DOCUMENTATION_COMMENTS = YES;
				CLANG_WARN_EMPTY_BODY = YES;
				CLANG_WARN_ENUM_CONVERSION = YES;
				CLANG_WARN_INFINITE_RECURSION = YES;
				CLANG_WARN_INT_CONVERSION = YES;
				CLANG_WARN_NON_LITERAL_NULL_CONVERSION = YES;
				CLANG_WARN_OBJC_IMPLICIT_RETAIN_SELF = YES;
				CLANG_WARN_OBJC_LITERAL_CONVERSION = YES;
				CLANG_WARN_OBJC_ROOT_CLASS = YES_ERROR;
				CLANG_WARN_RANGE_LOOP_ANALYSIS = YES;
				CLANG_WARN_STRICT_PROTOTYPES = YES;
				CLANG_WARN_SUSPICIOUS_MOVE = YES;
				CLANG_WARN_UNGUARDED_AVAILABILITY = YES_AGGRESSIVE;
				CLANG_WARN_UNREACHABLE_CODE = YES;
				CLANG_WARN__DUPLICATE_METHOD_MATCH = YES;
				CODE_SIGN_IDENTITY = "iPhone Developer";
				COPY_PHASE_STRIP = NO;
				DEBUG_INFORMATION_FORMAT = dwarf;
				ENABLE_STRICT_OBJC_MSGSEND = YES;
				ENABLE_TESTABILITY = YES;
				GCC_C_LANGUAGE_STANDARD = gnu11;
				GCC_DYNAMIC_NO_PIC = NO;
				GCC_NO_COMMON_BLOCKS = YES;
				GCC_OPTIMIZATION_LEVEL = 0;
				GCC_PREPROCESSOR_DEFINITIONS = (
					"DEBUG=1",
					"$(inherited)",
				);
				GCC_WARN_64_TO_32_BIT_CONVERSION = YES;
				GCC_WARN_ABOUT_RETURN_TYPE = YES_ERROR;
				GCC_WARN_UNDECLARED_SELECTOR = YES;
				GCC_WARN_UNINITIALIZED_AUTOS = YES_AGGRESSIVE;
				GCC_WARN_UNUSED_FUNCTION = YES;
				GCC_WARN_UNUSED_VARIABLE = YES;
				IPHONEOS_DEPLOYMENT_TARGET = 12.0;
				MTL_ENABLE_DEBUG_INFO = INCLUDE_SOURCE;
				MTL_FAST_MATH = YES;
				ONLY_ACTIVE_ARCH = YES;
				SDKROOT = iphoneos;
			};
			name = Debug;
		};
		777F8B85215A167A0069D029 /* Release */ = {
			isa = XCBuildConfiguration;
			buildSettings = {
				ALWAYS_SEARCH_USER_PATHS = NO;
				CLANG_ANALYZER_NONNULL = YES;
				CLANG_ANALYZER_NUMBER_OBJECT_CONVERSION = YES_AGGRESSIVE;
				CLANG_CXX_LANGUAGE_STANDARD = "gnu++14";
				CLANG_CXX_LIBRARY = "libc++";
				CLANG_ENABLE_MODULES = YES;
				CLANG_ENABLE_OBJC_ARC = YES;
				CLANG_ENABLE_OBJC_WEAK = YES;
				CLANG_WARN_BLOCK_CAPTURE_AUTORELEASING = YES;
				CLANG_WARN_BOOL_CONVERSION = YES;
				CLANG_WARN_COMMA = YES;
				CLANG_WARN_CONSTANT_CONVERSION = YES;
				CLANG_WARN_DEPRECATED_OBJC_IMPLEMENTATIONS = YES;
				CLANG_WARN_DIRECT_OBJC_ISA_USAGE = YES_ERROR;
				CLANG_WARN_DOCUMENTATION_COMMENTS = YES;
				CLANG_WARN_EMPTY_BODY = YES;
				CLANG_WARN_ENUM_CONVERSION = YES;
				CLANG_WARN_INFINITE_RECURSION = YES;
				CLANG_WARN_INT_CONVERSION = YES;
				CLANG_WARN_NON_LITERAL_NULL_CONVERSION = YES;
				CLANG_WARN_OBJC_IMPLICIT_RETAIN_SELF = YES;
				CLANG_WARN_OBJC_LITERAL_CONVERSION = YES;
				CLANG_WARN_OBJC_ROOT_CLASS = YES_ERROR;
				CLANG_WARN_RANGE_LOOP_ANALYSIS = YES;
				CLANG_WARN_STRICT_PROTOTYPES = YES;
				CLANG_WARN_SUSPICIOUS_MOVE = YES;
				CLANG_WARN_UNGUARDED_AVAILABILITY = YES_AGGRESSIVE;
				CLANG_WARN_UNREACHABLE_CODE = YES;
				CLANG_WARN__DUPLICATE_METHOD_MATCH = YES;
				CODE_SIGN_IDENTITY = "iPhone Developer";
				COPY_PHASE_STRIP = NO;
				DEBUG_INFORMATION_FORMAT = "dwarf-with-dsym";
				ENABLE_NS_ASSERTIONS = NO;
				ENABLE_STRICT_OBJC_MSGSEND = YES;
				GCC_C_LANGUAGE_STANDARD = gnu11;
				GCC_NO_COMMON_BLOCKS = YES;
				GCC_WARN_64_TO_32_BIT_CONVERSION = YES;
				GCC_WARN_ABOUT_RETURN_TYPE = YES_ERROR;
				GCC_WARN_UNDECLARED_SELECTOR = YES;
				GCC_WARN_UNINITIALIZED_AUTOS = YES_AGGRESSIVE;
				GCC_WARN_UNUSED_FUNCTION = YES;
				GCC_WARN_UNUSED_VARIABLE = YES;
				IPHONEOS_DEPLOYMENT_TARGET = 12.0;
				MTL_ENABLE_DEBUG_INFO = NO;
				MTL_FAST_MATH = YES;
				SDKROOT = iphoneos;
				VALIDATE_PRODUCT = YES;
			};
			name = Release;
		};
		777F8B87215A167A0069D029 /* Debug */ = {
			isa = XCBuildConfiguration;
			buildSettings = {
				ASSETCATALOG_COMPILER_APPICON_NAME = AppIcon;
				CODE_SIGN_STYLE = Automatic;
				DEVELOPMENT_TEAM = 87BBK2RGHK;
				INFOPLIST_FILE = SQL/Info.plist;
				LD_RUNPATH_SEARCH_PATHS = (
					"$(inherited)",
					"@executable_path/Frameworks",
				);
				PRODUCT_BUNDLE_IDENTIFIER = com.cloudl.SQL;
				PRODUCT_NAME = "$(TARGET_NAME)";
				TARGETED_DEVICE_FAMILY = "1,2";
			};
			name = Debug;
		};
		777F8B88215A167A0069D029 /* Release */ = {
			isa = XCBuildConfiguration;
			buildSettings = {
				ASSETCATALOG_COMPILER_APPICON_NAME = AppIcon;
				CODE_SIGN_STYLE = Automatic;
				DEVELOPMENT_TEAM = 87BBK2RGHK;
				INFOPLIST_FILE = SQL/Info.plist;
				LD_RUNPATH_SEARCH_PATHS = (
					"$(inherited)",
					"@executable_path/Frameworks",
				);
				PRODUCT_BUNDLE_IDENTIFIER = com.cloudl.SQL;
				PRODUCT_NAME = "$(TARGET_NAME)";
				TARGETED_DEVICE_FAMILY = "1,2";
			};
			name = Release;
		};
/* End XCBuildConfiguration section */

/* Begin XCConfigurationList section */
		777F8B6B215A16790069D029 /* Build configuration list for PBXProject "SQL" */ = {
			isa = XCConfigurationList;
			buildConfigurations = (
				777F8B84215A167A0069D029 /* Debug */,
				777F8B85215A167A0069D029 /* Release */,
			);
			defaultConfigurationIsVisible = 0;
			defaultConfigurationName = Release;
		};
		777F8B86215A167A0069D029 /* Build configuration list for PBXNativeTarget "SQL" */ = {
			isa = XCConfigurationList;
			buildConfigurations = (
				777F8B87215A167A0069D029 /* Debug */,
				777F8B88215A167A0069D029 /* Release */,
			);
			defaultConfigurationIsVisible = 0;
			defaultConfigurationName = Release;
		};
/* End XCConfigurationList section */
	};
	rootObject = 777F8B68215A16790069D029 /* Project object */;
}
